// !$*UTF8*$!
{
	archiveVersion = 1;
	classes = {
	};
	objectVersion = 77;
	objects = {

/* Begin PBXBuildFile section */
		0A8B3A44BA194813B4DD3FF7 /* BuildManifest.swift in Sources */ = {isa = PBXBuildFile; fileRef = 7A98A85F4344943ED260B032 /* BuildManifest.swift */; };
		1CB795300E4CECA4A65EB774 /* WebView.swift in Sources */ = {isa = PBXBuildFile; fileRef = 22529DE9523293019AB9CBB5 /* WebView.swift */; };
		2425671FFAEAD43CD2DEAA4C /* AppSchemeHandler.swift in Sources */ = {isa = PBXBuildFile; fileRef = 468830E079EE0503E56518B2 /* AppSchemeHandler.swift */; };
		2914EE77FD1B38F356240E36 /* ContentView.swift in Sources */ = {isa = PBXBuildFile; fileRef = 29DB4D707AF346E2BD506859 /* ContentView.swift */; };
		62BCAF4DA7FC8E6495477E7B /* NavigationPolicy.swift in Sources */ = {isa = PBXBuildFile; fileRef = A876C6DFB3BEE4374DFA1546 /* NavigationPolicy.swift */; };
		7430E151FA7DE7D3A574AE1F /* BuildManifestTests.swift in Sources */ = {isa = PBXBuildFile; fileRef = C5700ECA0A5BAAA605BC95C6 /* BuildManifestTests.swift */; };
		7FE61DD98287165703F54308 /* F1ChronicleUITests.swift in Sources */ = {isa = PBXBuildFile; fileRef = FE973B94276BEBFD63B9D0DD /* F1ChronicleUITests.swift */; };
		A8EEE3EBFB04F1EA14528E50 /* F1ChronicleApp.swift in Sources */ = {isa = PBXBuildFile; fileRef = F7D94EDE933389C60F0622C1 /* F1ChronicleApp.swift */; };
		AD9EF25633F0D09507B57F61 /* NavigationPolicyTests.swift in Sources */ = {isa = PBXBuildFile; fileRef = 46A8A9DA45B9F5594B46DC87 /* NavigationPolicyTests.swift */; };
		D363BDA913A8A7BCC9A8CE10 /* Assets.xcassets in Resources */ = {isa = PBXBuildFile; fileRef = C42B7823F445C6912BAD73D8 /* Assets.xcassets */; };
		DCB0D900C31DE5E03E4A5DE3 /* AppSchemeHandlerTests.swift in Sources */ = {isa = PBXBuildFile; fileRef = A798C3141067D54798B4450F /* AppSchemeHandlerTests.swift */; };
		EC47A185349FFCEEFD5FB6AD /* WebAssets in Resources */ = {isa = PBXBuildFile; fileRef = 342E32F9EAC618136ED85591 /* WebAssets */; };
/* End PBXBuildFile section */

/* Begin PBXContainerItemProxy section */
		3BC1D75B67425D7B5DD019AE /* PBXContainerItemProxy */ = {
			isa = PBXContainerItemProxy;
			containerPortal = 7A9E869110867821A492ABAA /* Project object */;
			proxyType = 1;
			remoteGlobalIDString = A60901CBB5F10EE2861D5424;
			remoteInfo = F1Chronicle;
		};
		904C01E1F682B20C8092D4FD /* PBXContainerItemProxy */ = {
			isa = PBXContainerItemProxy;
			containerPortal = 7A9E869110867821A492ABAA /* Project object */;
			proxyType = 1;
			remoteGlobalIDString = A60901CBB5F10EE2861D5424;
			remoteInfo = F1Chronicle;
		};
/* End PBXContainerItemProxy section */

/* Begin PBXFileReference section */
		010BFD12B6113339ACE3A1BB /* F1ChronicleUITests.xctest */ = {isa = PBXFileReference; includeInIndex = 0; lastKnownFileType = wrapper.cfbundle; path = F1ChronicleUITests.xctest; sourceTree = BUILT_PRODUCTS_DIR; };
		11AD84E13D2BBE8415FB526C /* F1Chronicle.app */ = {isa = PBXFileReference; includeInIndex = 0; lastKnownFileType = wrapper.application; path = F1Chronicle.app; sourceTree = BUILT_PRODUCTS_DIR; };
		22529DE9523293019AB9CBB5 /* WebView.swift */ = {isa = PBXFileReference; lastKnownFileType = sourcecode.swift; path = WebView.swift; sourceTree = "<group>"; };
		29DB4D707AF346E2BD506859 /* ContentView.swift */ = {isa = PBXFileReference; lastKnownFileType = sourcecode.swift; path = ContentView.swift; sourceTree = "<group>"; };
		342E32F9EAC618136ED85591 /* WebAssets */ = {isa = PBXFileReference; lastKnownFileType = folder; name = WebAssets; path = F1Chronicle/WebAssets; sourceTree = SOURCE_ROOT; };
		468830E079EE0503E56518B2 /* AppSchemeHandler.swift */ = {isa = PBXFileReference; lastKnownFileType = sourcecode.swift; path = AppSchemeHandler.swift; sourceTree = "<group>"; };
		46A8A9DA45B9F5594B46DC87 /* NavigationPolicyTests.swift */ = {isa = PBXFileReference; lastKnownFileType = sourcecode.swift; path = NavigationPolicyTests.swift; sourceTree = "<group>"; };
		6855ABC20430EDB2DDFB1A11 /* F1ChronicleTests.xctest */ = {isa = PBXFileReference; includeInIndex = 0; lastKnownFileType = wrapper.cfbundle; path = F1ChronicleTests.xctest; sourceTree = BUILT_PRODUCTS_DIR; };
		7A98A85F4344943ED260B032 /* BuildManifest.swift */ = {isa = PBXFileReference; lastKnownFileType = sourcecode.swift; path = BuildManifest.swift; sourceTree = "<group>"; };
		A798C3141067D54798B4450F /* AppSchemeHandlerTests.swift */ = {isa = PBXFileReference; lastKnownFileType = sourcecode.swift; path = AppSchemeHandlerTests.swift; sourceTree = "<group>"; };
		A876C6DFB3BEE4374DFA1546 /* NavigationPolicy.swift */ = {isa = PBXFileReference; lastKnownFileType = sourcecode.swift; path = NavigationPolicy.swift; sourceTree = "<group>"; };
		C42B7823F445C6912BAD73D8 /* Assets.xcassets */ = {isa = PBXFileReference; lastKnownFileType = folder.assetcatalog; path = Assets.xcassets; sourceTree = "<group>"; };
		C5700ECA0A5BAAA605BC95C6 /* BuildManifestTests.swift */ = {isa = PBXFileReference; lastKnownFileType = sourcecode.swift; path = BuildManifestTests.swift; sourceTree = "<group>"; };
		F7D94EDE933389C60F0622C1 /* F1ChronicleApp.swift */ = {isa = PBXFileReference; lastKnownFileType = sourcecode.swift; path = F1ChronicleApp.swift; sourceTree = "<group>"; };
		FE973B94276BEBFD63B9D0DD /* F1ChronicleUITests.swift */ = {isa = PBXFileReference; lastKnownFileType = sourcecode.swift; path = F1ChronicleUITests.swift; sourceTree = "<group>"; };
/* End PBXFileReference section */

/* Begin PBXGroup section */
		00238712FBEB633E31B23A25 /* F1Chronicle */ = {
			isa = PBXGroup;
			children = (
				468830E079EE0503E56518B2 /* AppSchemeHandler.swift */,
				C42B7823F445C6912BAD73D8 /* Assets.xcassets */,
				7A98A85F4344943ED260B032 /* BuildManifest.swift */,
				29DB4D707AF346E2BD506859 /* ContentView.swift */,
				F7D94EDE933389C60F0622C1 /* F1ChronicleApp.swift */,
				A876C6DFB3BEE4374DFA1546 /* NavigationPolicy.swift */,
				342E32F9EAC618136ED85591 /* WebAssets */,
				22529DE9523293019AB9CBB5 /* WebView.swift */,
			);
			path = F1Chronicle;
			sourceTree = "<group>";
		};
		500762D14D1DBC2F316CEF66 /* Products */ = {
			isa = PBXGroup;
			children = (
				11AD84E13D2BBE8415FB526C /* F1Chronicle.app */,
				6855ABC20430EDB2DDFB1A11 /* F1ChronicleTests.xctest */,
				010BFD12B6113339ACE3A1BB /* F1ChronicleUITests.xctest */,
			);
			name = Products;
			sourceTree = "<group>";
		};
		860D70C50C15ED2B0CF84350 /* F1ChronicleUITests */ = {
			isa = PBXGroup;
			children = (
				FE973B94276BEBFD63B9D0DD /* F1ChronicleUITests.swift */,
			);
			path = F1ChronicleUITests;
			sourceTree = "<group>";
		};
		D7129B231143FFBD3D694958 /* F1ChronicleTests */ = {
			isa = PBXGroup;
			children = (
				A798C3141067D54798B4450F /* AppSchemeHandlerTests.swift */,
				C5700ECA0A5BAAA605BC95C6 /* BuildManifestTests.swift */,
				46A8A9DA45B9F5594B46DC87 /* NavigationPolicyTests.swift */,
			);
			path = F1ChronicleTests;
			sourceTree = "<group>";
		};
		F130660C919DD034B8ED766A = {
			isa = PBXGroup;
			children = (
				00238712FBEB633E31B23A25 /* F1Chronicle */,
				D7129B231143FFBD3D694958 /* F1ChronicleTests */,
				860D70C50C15ED2B0CF84350 /* F1ChronicleUITests */,
				500762D14D1DBC2F316CEF66 /* Products */,
			);
			sourceTree = "<group>";
		};
/* End PBXGroup section */

/* Begin PBXNativeTarget section */
		6ABA6F9FF974CF9FA3933373 /* F1ChronicleTests */ = {
			isa = PBXNativeTarget;
			buildConfigurationList = 03D342FB5EDE6A4C91EBDD50 /* Build configuration list for PBXNativeTarget "F1ChronicleTests" */;
			buildPhases = (
				44D0AB1BA0BF8DF1970D235D /* Sources */,
			);
			buildRules = (
			);
			dependencies = (
				0CBC76D8FF97B8C736B6CAF2 /* PBXTargetDependency */,
			);
			name = F1ChronicleTests;
			packageProductDependencies = (
			);
			productName = F1ChronicleTests;
			productReference = 6855ABC20430EDB2DDFB1A11 /* F1ChronicleTests.xctest */;
			productType = "com.apple.product-type.bundle.unit-test";
		};
		A60901CBB5F10EE2861D5424 /* F1Chronicle */ = {
			isa = PBXNativeTarget;
			buildConfigurationList = CC6674E02732B0C5CD4654E2 /* Build configuration list for PBXNativeTarget "F1Chronicle" */;
			buildPhases = (
				878F22F21DF7C1F05CC05EEB /* Sources */,
				3F079D4D09DBDD281EC04833 /* Resources */,
			);
			buildRules = (
			);
			dependencies = (
			);
			name = F1Chronicle;
			packageProductDependencies = (
			);
			productName = F1Chronicle;
			productReference = 11AD84E13D2BBE8415FB526C /* F1Chronicle.app */;
			productType = "com.apple.product-type.application";
		};
		D98CF10DF3225409658D808F /* F1ChronicleUITests */ = {
			isa = PBXNativeTarget;
			buildConfigurationList = 002B354BC7914169A5F96996 /* Build configuration list for PBXNativeTarget "F1ChronicleUITests" */;
			buildPhases = (
				7310BAB567CF5CE8DD67A58A /* Sources */,
			);
			buildRules = (
			);
			dependencies = (
				EB8D5D79CB1977809E6F39BE /* PBXTargetDependency */,
			);
			name = F1ChronicleUITests;
			packageProductDependencies = (
			);
			productName = F1ChronicleUITests;
			productReference = 010BFD12B6113339ACE3A1BB /* F1ChronicleUITests.xctest */;
			productType = "com.apple.product-type.bundle.ui-testing";
		};
/* End PBXNativeTarget section */

/* Begin PBXProject section */
		7A9E869110867821A492ABAA /* Project object */ = {
			isa = PBXProject;
			attributes = {
				BuildIndependentTargetsInParallel = YES;
				LastUpgradeCheck = 1430;
				TargetAttributes = {
					6ABA6F9FF974CF9FA3933373 = {
						DevelopmentTeam = "";
						ProvisioningStyle = Automatic;
					};
					A60901CBB5F10EE2861D5424 = {
						DevelopmentTeam = "";
						ProvisioningStyle = Automatic;
					};
					D98CF10DF3225409658D808F = {
						DevelopmentTeam = "";
						ProvisioningStyle = Automatic;
						TestTargetID = A60901CBB5F10EE2861D5424;
					};
				};
			};
			buildConfigurationList = A47CCA567B47B61DCAE0455E /* Build configuration list for PBXProject "F1Chronicle" */;
			developmentRegion = "zh-Hans";
			hasScannedForEncodings = 0;
			knownRegions = (
				Base,
				"zh-Hans",
			);
			mainGroup = F130660C919DD034B8ED766A;
			minimizedProjectReferenceProxies = 1;
			preferredProjectObjectVersion = 77;
			productRefGroup = 500762D14D1DBC2F316CEF66 /* Products */;
			projectDirPath = "";
			projectRoot = "";
			targets = (
				A60901CBB5F10EE2861D5424 /* F1Chronicle */,
				6ABA6F9FF974CF9FA3933373 /* F1ChronicleTests */,
				D98CF10DF3225409658D808F /* F1ChronicleUITests */,
			);
		};
/* End PBXProject section */

/* Begin PBXResourcesBuildPhase section */
		3F079D4D09DBDD281EC04833 /* Resources */ = {
			isa = PBXResourcesBuildPhase;
			buildActionMask = 2147483647;
			files = (
				D363BDA913A8A7BCC9A8CE10 /* Assets.xcassets in Resources */,
				EC47A185349FFCEEFD5FB6AD /* WebAssets in Resources */,
			);
			runOnlyForDeploymentPostprocessing = 0;
		};
/* End PBXResourcesBuildPhase section */

/* Begin PBXSourcesBuildPhase section */
		44D0AB1BA0BF8DF1970D235D /* Sources */ = {
			isa = PBXSourcesBuildPhase;
			buildActionMask = 2147483647;
			files = (
				DCB0D900C31DE5E03E4A5DE3 /* AppSchemeHandlerTests.swift in Sources */,
				7430E151FA7DE7D3A574AE1F /* BuildManifestTests.swift in Sources */,
				AD9EF25633F0D09507B57F61 /* NavigationPolicyTests.swift in Sources */,
			);
			runOnlyForDeploymentPostprocessing = 0;
		};
		7310BAB567CF5CE8DD67A58A /* Sources */ = {
			isa = PBXSourcesBuildPhase;
			buildActionMask = 2147483647;
			files = (
				7FE61DD98287165703F54308 /* F1ChronicleUITests.swift in Sources */,
			);
			runOnlyForDeploymentPostprocessing = 0;
		};
		878F22F21DF7C1F05CC05EEB /* Sources */ = {
			isa = PBXSourcesBuildPhase;
			buildActionMask = 2147483647;
			files = (
				2425671FFAEAD43CD2DEAA4C /* AppSchemeHandler.swift in Sources */,
				0A8B3A44BA194813B4DD3FF7 /* BuildManifest.swift in Sources */,
				2914EE77FD1B38F356240E36 /* ContentView.swift in Sources */,
				A8EEE3EBFB04F1EA14528E50 /* F1ChronicleApp.swift in Sources */,
				62BCAF4DA7FC8E6495477E7B /* NavigationPolicy.swift in Sources */,
				1CB795300E4CECA4A65EB774 /* WebView.swift in Sources */,
			);
			runOnlyForDeploymentPostprocessing = 0;
		};
/* End PBXSourcesBuildPhase section */

/* Begin PBXTargetDependency section */
		0CBC76D8FF97B8C736B6CAF2 /* PBXTargetDependency */ = {
			isa = PBXTargetDependency;
			target = A60901CBB5F10EE2861D5424 /* F1Chronicle */;
			targetProxy = 904C01E1F682B20C8092D4FD /* PBXContainerItemProxy */;
		};
		EB8D5D79CB1977809E6F39BE /* PBXTargetDependency */ = {
			isa = PBXTargetDependency;
			target = A60901CBB5F10EE2861D5424 /* F1Chronicle */;
			targetProxy = 3BC1D75B67425D7B5DD019AE /* PBXContainerItemProxy */;
		};
/* End PBXTargetDependency section */

/* Begin XCBuildConfiguration section */
		0222906F190E3A4164C1DE07 /* Release */ = {
			isa = XCBuildConfiguration;
			buildSettings = {
				BUNDLE_LOADER = "$(TEST_HOST)";
				GENERATE_INFOPLIST_FILE = YES;
				IPHONEOS_DEPLOYMENT_TARGET = 16.0;
				LD_RUNPATH_SEARCH_PATHS = (
					"$(inherited)",
					"@executable_path/Frameworks",
					"@loader_path/Frameworks",
				);
				PRODUCT_BUNDLE_IDENTIFIER = app.f1trackchronicle.F1ChronicleUITests;
				SDKROOT = iphoneos;
				TARGETED_DEVICE_FAMILY = "1,2";
				TEST_TARGET_NAME = F1Chronicle;
			};
			name = Release;
		};
		05031FF31B14C52DC638CE28 /* Debug */ = {
			isa = XCBuildConfiguration;
			buildSettings = {
				BUNDLE_LOADER = "$(TEST_HOST)";
				GENERATE_INFOPLIST_FILE = YES;
				IPHONEOS_DEPLOYMENT_TARGET = 16.0;
				LD_RUNPATH_SEARCH_PATHS = (
					"$(inherited)",
					"@executable_path/Frameworks",
					"@loader_path/Frameworks",
				);
				PRODUCT_BUNDLE_IDENTIFIER = app.f1trackchronicle.F1ChronicleTests;
				SDKROOT = iphoneos;
				TARGETED_DEVICE_FAMILY = "1,2";
				TEST_HOST = "$(BUILT_PRODUCTS_DIR)/F1Chronicle.app/$(BUNDLE_EXECUTABLE_FOLDER_PATH)/F1Chronicle";
			};
			name = Debug;
		};
		2D4F8676BCFFB6E3240C9EB6 /* Release */ = {
			isa = XCBuildConfiguration;
			buildSettings = {
				ASSETCATALOG_COMPILER_APPICON_NAME = AppIcon;
				ASSETCATALOG_COMPILER_GLOBAL_ACCENT_COLOR_NAME = AccentColor;
				CODE_SIGN_IDENTITY = "iPhone Developer";
				ENABLE_PREVIEWS = YES;
				INFOPLIST_FILE = F1Chronicle/Info.plist;
				IPHONEOS_DEPLOYMENT_TARGET = 16.0;
				LD_RUNPATH_SEARCH_PATHS = (
					"$(inherited)",
					"@executable_path/Frameworks",
				);
				PRODUCT_BUNDLE_IDENTIFIER = app.f1trackchronicle.F1Chronicle;
				SDKROOT = iphoneos;
				SWIFT_OBJC_BRIDGING_HEADER = "";
				TARGETED_DEVICE_FAMILY = "1,2";
			};
			name = Release;
		};
		4515A8809D6ABF4A36A10600 /* Release */ = {
			isa = XCBuildConfiguration;
			buildSettings = {
				BUNDLE_LOADER = "$(TEST_HOST)";
				GENERATE_INFOPLIST_FILE = YES;
				IPHONEOS_DEPLOYMENT_TARGET = 16.0;
				LD_RUNPATH_SEARCH_PATHS = (
					"$(inherited)",
					"@executable_path/Frameworks",
					"@loader_path/Frameworks",
				);
				PRODUCT_BUNDLE_IDENTIFIER = app.f1trackchronicle.F1ChronicleTests;
				SDKROOT = iphoneos;
				TARGETED_DEVICE_FAMILY = "1,2";
				TEST_HOST = "$(BUILT_PRODUCTS_DIR)/F1Chronicle.app/$(BUNDLE_EXECUTABLE_FOLDER_PATH)/F1Chronicle";
			};
			name = Release;
		};
		6AC4FC62D043A6BFCAE7DFF0 /* Debug */ = {
			isa = XCBuildConfiguration;
			buildSettings = {
				ALWAYS_SEARCH_USER_PATHS = NO;
				CLANG_ANALYZER_NONNULL = YES;
				CLANG_ANALYZER_NUMBER_OBJECT_CONVERSION = YES_AGGRESSIVE;
				CLANG_CXX_LANGUAGE_STANDARD = "gnu++14";
				CLANG_CXX_LIBRARY = "libc++";
				CLANG_ENABLE_MODULES = YES;
				CLANG_ENABLE_OBJC_ARC = YES;
				CLANG_ENABLE_OBJC_WEAK = YES;
				CLANG_WARN_BLOCK_CAPTURE_AUTORELEASING = YES;
				CLANG_WARN_BOOL_CONVERSION = YES;
				CLANG_WARN_COMMA = YES;
				CLANG_WARN_CONSTANT_CONVERSION = YES;
				CLANG_WARN_DEPRECATED_OBJC_IMPLEMENTATIONS = YES;
				CLANG_WARN_DIRECT_OBJC_ISA_USAGE = YES_ERROR;
				CLANG_WARN_DOCUMENTATION_COMMENTS = YES;
				CLANG_WARN_EMPTY_BODY = YES;
				CLANG_WARN_ENUM_CONVERSION = YES;
				CLANG_WARN_INFINITE_RECURSION = YES;
				CLANG_WARN_INT_CONVERSION = YES;
				CLANG_WARN_NON_LITERAL_NULL_CONVERSION = YES;
				CLANG_WARN_OBJC_IMPLICIT_RETAIN_SELF = YES;
				CLANG_WARN_OBJC_LITERAL_CONVERSION = YES;
				CLANG_WARN_OBJC_ROOT_CLASS = YES_ERROR;
				CLANG_WARN_QUOTED_INCLUDE_IN_FRAMEWORK_HEADER = YES;
				CLANG_WARN_RANGE_LOOP_ANALYSIS = YES;
				CLANG_WARN_STRICT_PROTOTYPES = YES;
				CLANG_WARN_SUSPICIOUS_MOVE = YES;
				CLANG_WARN_UNGUARDED_AVAILABILITY = YES_AGGRESSIVE;
				CLANG_WARN_UNREACHABLE_CODE = YES;
				CLANG_WARN__DUPLICATE_METHOD_MATCH = YES;
				CODE_SIGN_STYLE = Automatic;
				COPY_PHASE_STRIP = NO;
				CURRENT_PROJECT_VERSION = 1;
				DEBUG_INFORMATION_FORMAT = dwarf;
				DEVELOPMENT_TEAM = "";
				ENABLE_STRICT_OBJC_MSGSEND = YES;
				ENABLE_TESTABILITY = YES;
				GCC_C_LANGUAGE_STANDARD = gnu11;
				GCC_DYNAMIC_NO_PIC = NO;
				GCC_NO_COMMON_BLOCKS = YES;
				GCC_OPTIMIZATION_LEVEL = 0;
				GCC_PREPROCESSOR_DEFINITIONS = (
					"$(inherited)",
					"DEBUG=1",
				);
				GCC_WARN_64_TO_32_BIT_CONVERSION = YES;
				GCC_WARN_ABOUT_RETURN_TYPE = YES_ERROR;
				GCC_WARN_UNDECLARED_SELECTOR = YES;
				GCC_WARN_UNINITIALIZED_AUTOS = YES_AGGRESSIVE;
				GCC_WARN_UNUSED_FUNCTION = YES;
				GCC_WARN_UNUSED_VARIABLE = YES;
				INFOPLIST_KEY_UILaunchScreen_Generation = YES;
				IPHONEOS_DEPLOYMENT_TARGET = 16.0;
				MARKETING_VERSION = 0.1.0;
				MTL_ENABLE_DEBUG_INFO = INCLUDE_SOURCE;
				MTL_FAST_MATH = YES;
				ONLY_ACTIVE_ARCH = YES;
				PRODUCT_NAME = "$(TARGET_NAME)";
				SDKROOT = iphoneos;
				SWIFT_ACTIVE_COMPILATION_CONDITIONS = DEBUG;
				SWIFT_OPTIMIZATION_LEVEL = "-Onone";
				SWIFT_VERSION = 5.9;
				TARGETED_DEVICE_FAMILY = "1,2";
			};
			name = Debug;
		};
		8A74975348506CD57D7303D8 /* Release */ = {
			isa = XCBuildConfiguration;
			buildSettings = {
				ALWAYS_SEARCH_USER_PATHS = NO;
				CLANG_ANALYZER_NONNULL = YES;
				CLANG_ANALYZER_NUMBER_OBJECT_CONVERSION = YES_AGGRESSIVE;
				CLANG_CXX_LANGUAGE_STANDARD = "gnu++14";
				CLANG_CXX_LIBRARY = "libc++";
				CLANG_ENABLE_MODULES = YES;
				CLANG_ENABLE_OBJC_ARC = YES;
				CLANG_ENABLE_OBJC_WEAK = YES;
				CLANG_WARN_BLOCK_CAPTURE_AUTORELEASING = YES;
				CLANG_WARN_BOOL_CONVERSION = YES;
				CLANG_WARN_COMMA = YES;
				CLANG_WARN_CONSTANT_CONVERSION = YES;
				CLANG_WARN_DEPRECATED_OBJC_IMPLEMENTATIONS = YES;
				CLANG_WARN_DIRECT_OBJC_ISA_USAGE = YES_ERROR;
				CLANG_WARN_DOCUMENTATION_COMMENTS = YES;
				CLANG_WARN_EMPTY_BODY = YES;
				CLANG_WARN_ENUM_CONVERSION = YES;
				CLANG_WARN_INFINITE_RECURSION = YES;
				CLANG_WARN_INT_CONVERSION = YES;
				CLANG_WARN_NON_LITERAL_NULL_CONVERSION = YES;
				CLANG_WARN_OBJC_IMPLICIT_RETAIN_SELF = YES;
				CLANG_WARN_OBJC_LITERAL_CONVERSION = YES;
				CLANG_WARN_OBJC_ROOT_CLASS = YES_ERROR;
				CLANG_WARN_QUOTED_INCLUDE_IN_FRAMEWORK_HEADER = YES;
				CLANG_WARN_RANGE_LOOP_ANALYSIS = YES;
				CLANG_WARN_STRICT_PROTOTYPES = YES;
				CLANG_WARN_SUSPICIOUS_MOVE = YES;
				CLANG_WARN_UNGUARDED_AVAILABILITY = YES_AGGRESSIVE;
				CLANG_WARN_UNREACHABLE_CODE = YES;
				CLANG_WARN__DUPLICATE_METHOD_MATCH = YES;
				CODE_SIGN_STYLE = Automatic;
				COPY_PHASE_STRIP = NO;
				CURRENT_PROJECT_VERSION = 1;
				DEBUG_INFORMATION_FORMAT = "dwarf-with-dsym";
				DEVELOPMENT_TEAM = "";
				ENABLE_NS_ASSERTIONS = NO;
				ENABLE_STRICT_OBJC_MSGSEND = YES;
				GCC_C_LANGUAGE_STANDARD = gnu11;
				GCC_NO_COMMON_BLOCKS = YES;
				GCC_WARN_64_TO_32_BIT_CONVERSION = YES;
				GCC_WARN_ABOUT_RETURN_TYPE = YES_ERROR;
				GCC_WARN_UNDECLARED_SELECTOR = YES;
				GCC_WARN_UNINITIALIZED_AUTOS = YES_AGGRESSIVE;
				GCC_WARN_UNUSED_FUNCTION = YES;
				GCC_WARN_UNUSED_VARIABLE = YES;
				INFOPLIST_KEY_UILaunchScreen_Generation = YES;
				IPHONEOS_DEPLOYMENT_TARGET = 16.0;
				MARKETING_VERSION = 0.1.0;
				MTL_ENABLE_DEBUG_INFO = NO;
				MTL_FAST_MATH = YES;
				PRODUCT_NAME = "$(TARGET_NAME)";
				SDKROOT = iphoneos;
				SWIFT_COMPILATION_MODE = wholemodule;
				SWIFT_OPTIMIZATION_LEVEL = "-O";
				SWIFT_VERSION = 5.9;
				TARGETED_DEVICE_FAMILY = "1,2";
			};
			name = Release;
		};
		BC1D27E567D5BE1E49098BD5 /* Debug */ = {
			isa = XCBuildConfiguration;
			buildSettings = {
				BUNDLE_LOADER = "$(TEST_HOST)";
				GENERATE_INFOPLIST_FILE = YES;
				IPHONEOS_DEPLOYMENT_TARGET = 16.0;
				LD_RUNPATH_SEARCH_PATHS = (
					"$(inherited)",
					"@executable_path/Frameworks",
					"@loader_path/Frameworks",
				);
				PRODUCT_BUNDLE_IDENTIFIER = app.f1trackchronicle.F1ChronicleUITests;
				SDKROOT = iphoneos;
				TARGETED_DEVICE_FAMILY = "1,2";
				TEST_TARGET_NAME = F1Chronicle;
			};
			name = Debug;
		};
		D032106DC14F730EFBC9426A /* Debug */ = {
			isa = XCBuildConfiguration;
			buildSettings = {
				ASSETCATALOG_COMPILER_APPICON_NAME = AppIcon;
				ASSETCATALOG_COMPILER_GLOBAL_ACCENT_COLOR_NAME = AccentColor;
				CODE_SIGN_IDENTITY = "iPhone Developer";
				ENABLE_PREVIEWS = YES;
				INFOPLIST_FILE = F1Chronicle/Info.plist;
				IPHONEOS_DEPLOYMENT_TARGET = 16.0;
				LD_RUNPATH_SEARCH_PATHS = (
					"$(inherited)",
					"@executable_path/Frameworks",
				);
				PRODUCT_BUNDLE_IDENTIFIER = app.f1trackchronicle.F1Chronicle;
				SDKROOT = iphoneos;
				SWIFT_OBJC_BRIDGING_HEADER = "";
				TARGETED_DEVICE_FAMILY = "1,2";
			};
			name = Debug;
		};
/* End XCBuildConfiguration section */

/* Begin XCConfigurationList section */
		002B354BC7914169A5F96996 /* Build configuration list for PBXNativeTarget "F1ChronicleUITests" */ = {
			isa = XCConfigurationList;
			buildConfigurations = (
				BC1D27E567D5BE1E49098BD5 /* Debug */,
				0222906F190E3A4164C1DE07 /* Release */,
			);
			defaultConfigurationIsVisible = 0;
			defaultConfigurationName = Debug;
		};
		03D342FB5EDE6A4C91EBDD50 /* Build configuration list for PBXNativeTarget "F1ChronicleTests" */ = {
			isa = XCConfigurationList;
			buildConfigurations = (
				05031FF31B14C52DC638CE28 /* Debug */,
				4515A8809D6ABF4A36A10600 /* Release */,
			);
			defaultConfigurationIsVisible = 0;
			defaultConfigurationName = Debug;
		};
		A47CCA567B47B61DCAE0455E /* Build configuration list for PBXProject "F1Chronicle" */ = {
			isa = XCConfigurationList;
			buildConfigurations = (
				6AC4FC62D043A6BFCAE7DFF0 /* Debug */,
				8A74975348506CD57D7303D8 /* Release */,
			);
			defaultConfigurationIsVisible = 0;
			defaultConfigurationName = Debug;
		};
		CC6674E02732B0C5CD4654E2 /* Build configuration list for PBXNativeTarget "F1Chronicle" */ = {
			isa = XCConfigurationList;
			buildConfigurations = (
				D032106DC14F730EFBC9426A /* Debug */,
				2D4F8676BCFFB6E3240C9EB6 /* Release */,
			);
			defaultConfigurationIsVisible = 0;
			defaultConfigurationName = Debug;
		};
/* End XCConfigurationList section */
	};
	rootObject = 7A9E869110867821A492ABAA /* Project object */;
}
